// !$*UTF8*$!
{
	archiveVersion = 1;
	classes = {
	};
	objectVersion = 56;
	objects = {

/* Begin PBXBuildFile section */
		F3116BF12B9837340050E6C0 /* AppDelegate.swift in Sources */ = {isa = PBXBuildFile; fileRef = F3116BF02B9837340050E6C0 /* AppDelegate.swift */; };
		F3116BF32B9837340050E6C0 /* SceneDelegate.swift in Sources */ = {isa = PBXBuildFile; fileRef = F3116BF22B9837340050E6C0 /* SceneDelegate.swift */; };
		F3116BF52B9837340050E6C0 /* CalculatorVC.swift in Sources */ = {isa = PBXBuildFile; fileRef = F3116BF42B9837340050E6C0 /* CalculatorVC.swift */; };
		F3116BFA2B9837360050E6C0 /* Assets.xcassets in Resources */ = {isa = PBXBuildFile; fileRef = F3116BF92B9837360050E6C0 /* Assets.xcassets */; };
		F3116BFD2B9837360050E6C0 /* LaunchScreen.storyboard in Resources */ = {isa = PBXBuildFile; fileRef = F3116BFB2B9837360050E6C0 /* LaunchScreen.storyboard */; };
		F3116C082B9837360050E6C0 /* tip_calculatorTests.swift in Sources */ = {isa = PBXBuildFile; fileRef = F3116C072B9837360050E6C0 /* tip_calculatorTests.swift */; };
		F3116C122B9837360050E6C0 /* tip_calculatorUITests.swift in Sources */ = {isa = PBXBuildFile; fileRef = F3116C112B9837360050E6C0 /* tip_calculatorUITests.swift */; };
		F3116C222B9837B60050E6C0 /* CombineCocoa in Frameworks */ = {isa = PBXBuildFile; productRef = F3116C212B9837B60050E6C0 /* CombineCocoa */; };
		F3116C252B98380D0050E6C0 /* SnapKit in Frameworks */ = {isa = PBXBuildFile; productRef = F3116C242B98380D0050E6C0 /* SnapKit */; };
		F3116C282B9838960050E6C0 /* CombineCocoa in Frameworks */ = {isa = PBXBuildFile; productRef = F3116C272B9838960050E6C0 /* CombineCocoa */; };
		F3116C2B2B98394D0050E6C0 /* SnapshotTesting in Frameworks */ = {isa = PBXBuildFile; productRef = F3116C2A2B98394D0050E6C0 /* SnapshotTesting */; };
		F3116C2D2B9839690050E6C0 /* CombineCocoa in Frameworks */ = {isa = PBXBuildFile; productRef = F3116C2C2B9839690050E6C0 /* CombineCocoa */; };
		F3116C302B983F8D0050E6C0 /* LogoView.swift in Sources */ = {isa = PBXBuildFile; fileRef = F3116C2F2B983F8D0050E6C0 /* LogoView.swift */; };
		F3116C322B9841960050E6C0 /* ResultView.swift in Sources */ = {isa = PBXBuildFile; fileRef = F3116C312B9841960050E6C0 /* ResultView.swift */; };
		F3116C342B9841C70050E6C0 /* BillInputView.swift in Sources */ = {isa = PBXBuildFile; fileRef = F3116C332B9841C70050E6C0 /* BillInputView.swift */; };
		F3116C362B9841EC0050E6C0 /* TipInputView.swift in Sources */ = {isa = PBXBuildFile; fileRef = F3116C352B9841EC0050E6C0 /* TipInputView.swift */; };
		F3116C382B9842110050E6C0 /* SplitInputView.swift in Sources */ = {isa = PBXBuildFile; fileRef = F3116C372B9842110050E6C0 /* SplitInputView.swift */; };
		F3116C3B2B984AB00050E6C0 /* ThemeColor.swift in Sources */ = {isa = PBXBuildFile; fileRef = F3116C3A2B984AB00050E6C0 /* ThemeColor.swift */; };
		F3116C3D2B984AC30050E6C0 /* ThemeFont.swift in Sources */ = {isa = PBXBuildFile; fileRef = F3116C3C2B984AC30050E6C0 /* ThemeFont.swift */; };
		F3116C402B984B3B0050E6C0 /* UIColor+Extension.swift in Sources */ = {isa = PBXBuildFile; fileRef = F3116C3F2B984B3B0050E6C0 /* UIColor+Extension.swift */; };
		F3116C432B9854270050E6C0 /* LabelFactor.swift in Sources */ = {isa = PBXBuildFile; fileRef = F3116C422B9854270050E6C0 /* LabelFactor.swift */; };
		F3116C462B9873900050E6C0 /* UIView+Extension.swift in Sources */ = {isa = PBXBuildFile; fileRef = F3116C452B9873900050E6C0 /* UIView+Extension.swift */; };
		F3116C482B9882640050E6C0 /* AmountView.swift in Sources */ = {isa = PBXBuildFile; fileRef = F3116C472B9882640050E6C0 /* AmountView.swift */; };
		F3116C4B2B998B510050E6C0 /* Tip.swift in Sources */ = {isa = PBXBuildFile; fileRef = F3116C4A2B998B510050E6C0 /* Tip.swift */; };
		F3116C4D2B998BA10050E6C0 /* HeaderView.swift in Sources */ = {isa = PBXBuildFile; fileRef = F3116C4C2B998BA10050E6C0 /* HeaderView.swift */; };
		F3116C502B99B17F0050E6C0 /* CalculatorVM.swift in Sources */ = {isa = PBXBuildFile; fileRef = F3116C4F2B99B17F0050E6C0 /* CalculatorVM.swift */; };
		F3116C522B99B4860050E6C0 /* Result.swift in Sources */ = {isa = PBXBuildFile; fileRef = F3116C512B99B4860050E6C0 /* Result.swift */; };
		F3116C562B99C39E0050E6C0 /* String+Extension.swift in Sources */ = {isa = PBXBuildFile; fileRef = F3116C552B99C39E0050E6C0 /* String+Extension.swift */; };
		F3116C582B9A33E60050E6C0 /* UIResponder+Extension.swift in Sources */ = {isa = PBXBuildFile; fileRef = F3116C572B9A33E60050E6C0 /* UIResponder+Extension.swift */; };
		F3116C5A2B9AF2140050E6C0 /* Int+Extension.swift in Sources */ = {isa = PBXBuildFile; fileRef = F3116C592B9AF2130050E6C0 /* Int+Extension.swift */; };
		F3116C5C2B9B25A90050E6C0 /* Double+Extension.swift in Sources */ = {isa = PBXBuildFile; fileRef = F3116C5B2B9B25A90050E6C0 /* Double+Extension.swift */; };
		F3116C5F2B9B32D80050E6C0 /* click.m4a in Resources */ = {isa = PBXBuildFile; fileRef = F3116C5E2B9B32D70050E6C0 /* click.m4a */; };
		F3116C622B9B33330050E6C0 /* AudioPlayerService.swift in Sources */ = {isa = PBXBuildFile; fileRef = F3116C612B9B33330050E6C0 /* AudioPlayerService.swift */; };
		F3116C642B9CA5F60050E6C0 /* tip_calculatorSnapshotTests.swift in Sources */ = {isa = PBXBuildFile; fileRef = F3116C632B9CA5F60050E6C0 /* tip_calculatorSnapshotTests.swift */; };
		F3C762F02B9D375800F2D4AC /* ScreenIdentifier.swift in Sources */ = {isa = PBXBuildFile; fileRef = F3C762EF2B9D375800F2D4AC /* ScreenIdentifier.swift */; };
		F3C762F12B9D375800F2D4AC /* ScreenIdentifier.swift in Sources */ = {isa = PBXBuildFile; fileRef = F3C762EF2B9D375800F2D4AC /* ScreenIdentifier.swift */; };
		F3C762F42B9D3E8400F2D4AC /* CalculatorScreen.swift in Sources */ = {isa = PBXBuildFile; fileRef = F3C762F22B9D3E8400F2D4AC /* CalculatorScreen.swift */; };
/* End PBXBuildFile section */

/* Begin PBXContainerItemProxy section */
		F3116C042B9837360050E6C0 /* PBXContainerItemProxy */ = {
			isa = PBXContainerItemProxy;
			containerPortal = F3116BE52B9837340050E6C0 /* Project object */;
			proxyType = 1;
			remoteGlobalIDString = F3116BEC2B9837340050E6C0;
			remoteInfo = "tip-calculator";
		};
		F3116C0E2B9837360050E6C0 /* PBXContainerItemProxy */ = {
			isa = PBXContainerItemProxy;
			containerPortal = F3116BE52B9837340050E6C0 /* Project object */;
			proxyType = 1;
			remoteGlobalIDString = F3116BEC2B9837340050E6C0;
			remoteInfo = "tip-calculator";
		};
/* End PBXContainerItemProxy section */

/* Begin PBXFileReference section */
		F3116BED2B9837340050E6C0 /* tip-calculator.app */ = {isa = PBXFileReference; explicitFileType = wrapper.application; includeInIndex = 0; path = "tip-calculator.app"; sourceTree = BUILT_PRODUCTS_DIR; };
		F3116BF02B9837340050E6C0 /* AppDelegate.swift */ = {isa = PBXFileReference; lastKnownFileType = sourcecode.swift; path = AppDelegate.swift; sourceTree = "<group>"; };
		F3116BF22B9837340050E6C0 /* SceneDelegate.swift */ = {isa = PBXFileReference; lastKnownFileType = sourcecode.swift; path = SceneDelegate.swift; sourceTree = "<group>"; };
		F3116BF42B9837340050E6C0 /* CalculatorVC.swift */ = {isa = PBXFileReference; lastKnownFileType = sourcecode.swift; path = CalculatorVC.swift; sourceTree = "<group>"; };
		F3116BF92B9837360050E6C0 /* Assets.xcassets */ = {isa = PBXFileReference; lastKnownFileType = folder.assetcatalog; path = Assets.xcassets; sourceTree = "<group>"; };
		F3116BFC2B9837360050E6C0 /* Base */ = {isa = PBXFileReference; lastKnownFileType = file.storyboard; name = Base; path = Base.lproj/LaunchScreen.storyboard; sourceTree = "<group>"; };
		F3116BFE2B9837360050E6C0 /* Info.plist */ = {isa = PBXFileReference; lastKnownFileType = text.plist.xml; path = Info.plist; sourceTree = "<group>"; };
		F3116C032B9837360050E6C0 /* tip-calculatorTests.xctest */ = {isa = PBXFileReference; explicitFileType = wrapper.cfbundle; includeInIndex = 0; path = "tip-calculatorTests.xctest"; sourceTree = BUILT_PRODUCTS_DIR; };
		F3116C072B9837360050E6C0 /* tip_calculatorTests.swift */ = {isa = PBXFileReference; lastKnownFileType = sourcecode.swift; path = tip_calculatorTests.swift; sourceTree = "<group>"; };
		F3116C0D2B9837360050E6C0 /* tip-calculatorUITests.xctest */ = {isa = PBXFileReference; explicitFileType = wrapper.cfbundle; includeInIndex = 0; path = "tip-calculatorUITests.xctest"; sourceTree = BUILT_PRODUCTS_DIR; };
		F3116C112B9837360050E6C0 /* tip_calculatorUITests.swift */ = {isa = PBXFileReference; lastKnownFileType = sourcecode.swift; path = tip_calculatorUITests.swift; sourceTree = "<group>"; };
		F3116C2F2B983F8D0050E6C0 /* LogoView.swift */ = {isa = PBXFileReference; lastKnownFileType = sourcecode.swift; path = LogoView.swift; sourceTree = "<group>"; };
		F3116C312B9841960050E6C0 /* ResultView.swift */ = {isa = PBXFileReference; lastKnownFileType = sourcecode.swift; path = ResultView.swift; sourceTree = "<group>"; };
		F3116C332B9841C70050E6C0 /* BillInputView.swift */ = {isa = PBXFileReference; lastKnownFileType = sourcecode.swift; path = BillInputView.swift; sourceTree = "<group>"; };
		F3116C352B9841EC0050E6C0 /* TipInputView.swift */ = {isa = PBXFileReference; lastKnownFileType = sourcecode.swift; path = TipInputView.swift; sourceTree = "<group>"; };
		F3116C372B9842110050E6C0 /* SplitInputView.swift */ = {isa = PBXFileReference; lastKnownFileType = sourcecode.swift; path = SplitInputView.swift; sourceTree = "<group>"; };
		F3116C3A2B984AB00050E6C0 /* ThemeColor.swift */ = {isa = PBXFileReference; lastKnownFileType = sourcecode.swift; path = ThemeColor.swift; sourceTree = "<group>"; };
		F3116C3C2B984AC30050E6C0 /* ThemeFont.swift */ = {isa = PBXFileReference; lastKnownFileType = sourcecode.swift; path = ThemeFont.swift; sourceTree = "<group>"; };
		F3116C3F2B984B3B0050E6C0 /* UIColor+Extension.swift */ = {isa = PBXFileReference; lastKnownFileType = sourcecode.swift; path = "UIColor+Extension.swift"; sourceTree = "<group>"; };
		F3116C422B9854270050E6C0 /* LabelFactor.swift */ = {isa = PBXFileReference; lastKnownFileType = sourcecode.swift; path = LabelFactor.swift; sourceTree = "<group>"; };
		F3116C452B9873900050E6C0 /* UIView+Extension.swift */ = {isa = PBXFileReference; lastKnownFileType = sourcecode.swift; path = "UIView+Extension.swift"; sourceTree = "<group>"; };
		F3116C472B9882640050E6C0 /* AmountView.swift */ = {isa = PBXFileReference; lastKnownFileType = sourcecode.swift; path = AmountView.swift; sourceTree = "<group>"; };
		F3116C4A2B998B510050E6C0 /* Tip.swift */ = {isa = PBXFileReference; lastKnownFileType = sourcecode.swift; path = Tip.swift; sourceTree = "<group>"; };
		F3116C4C2B998BA10050E6C0 /* HeaderView.swift */ = {isa = PBXFileReference; lastKnownFileType = sourcecode.swift; path = HeaderView.swift; sourceTree = "<group>"; };
		F3116C4F2B99B17F0050E6C0 /* CalculatorVM.swift */ = {isa = PBXFileReference; lastKnownFileType = sourcecode.swift; path = CalculatorVM.swift; sourceTree = "<group>"; };
		F3116C512B99B4860050E6C0 /* Result.swift */ = {isa = PBXFileReference; lastKnownFileType = sourcecode.swift; path = Result.swift; sourceTree = "<group>"; };
		F3116C552B99C39E0050E6C0 /* String+Extension.swift */ = {isa = PBXFileReference; lastKnownFileType = sourcecode.swift; path = "String+Extension.swift"; sourceTree = "<group>"; };
		F3116C572B9A33E60050E6C0 /* UIResponder+Extension.swift */ = {isa = PBXFileReference; lastKnownFileType = sourcecode.swift; path = "UIResponder+Extension.swift"; sourceTree = "<group>"; };
		F3116C592B9AF2130050E6C0 /* Int+Extension.swift */ = {isa = PBXFileReference; lastKnownFileType = sourcecode.swift; path = "Int+Extension.swift"; sourceTree = "<group>"; };
		F3116C5B2B9B25A90050E6C0 /* Double+Extension.swift */ = {isa = PBXFileReference; lastKnownFileType = sourcecode.swift; path = "Double+Extension.swift"; sourceTree = "<group>"; };
		F3116C5E2B9B32D70050E6C0 /* click.m4a */ = {isa = PBXFileReference; lastKnownFileType = file; path = click.m4a; sourceTree = "<group>"; };
		F3116C612B9B33330050E6C0 /* AudioPlayerService.swift */ = {isa = PBXFileReference; lastKnownFileType = sourcecode.swift; path = AudioPlayerService.swift; sourceTree = "<group>"; };
		F3116C632B9CA5F60050E6C0 /* tip_calculatorSnapshotTests.swift */ = {isa = PBXFileReference; lastKnownFileType = sourcecode.swift; path = tip_calculatorSnapshotTests.swift; sourceTree = "<group>"; };
		F3C762EF2B9D375800F2D4AC /* ScreenIdentifier.swift */ = {isa = PBXFileReference; lastKnownFileType = sourcecode.swift; path = ScreenIdentifier.swift; sourceTree = "<group>"; };
		F3C762F22B9D3E8400F2D4AC /* CalculatorScreen.swift */ = {isa = PBXFileReference; lastKnownFileType = sourcecode.swift; path = CalculatorScreen.swift; sourceTree = "<group>"; };
/* End PBXFileReference section */

/* Begin PBXFrameworksBuildPhase section */
		F3116BEA2B9837340050E6C0 /* Frameworks */ = {
			isa = PBXFrameworksBuildPhase;
			buildActionMask = 2147483647;
			files = (
				F3116C222B9837B60050E6C0 /* CombineCocoa in Frameworks */,
				F3116C252B98380D0050E6C0 /* SnapKit in Frameworks */,
			);
			runOnlyForDeploymentPostprocessing = 0;
		};
		F3116C002B9837360050E6C0 /* Frameworks */ = {
			isa = PBXFrameworksBuildPhase;
			buildActionMask = 2147483647;
			files = (
				F3116C282B9838960050E6C0 /* CombineCocoa in Frameworks */,
				F3116C2B2B98394D0050E6C0 /* SnapshotTesting in Frameworks */,
			);
			runOnlyForDeploymentPostprocessing = 0;
		};
		F3116C0A2B9837360050E6C0 /* Frameworks */ = {
			isa = PBXFrameworksBuildPhase;
			buildActionMask = 2147483647;
			files = (
				F3116C2D2B9839690050E6C0 /* CombineCocoa in Frameworks */,
			);
			runOnlyForDeploymentPostprocessing = 0;
		};
/* End PBXFrameworksBuildPhase section */

/* Begin PBXGroup section */
		F3116BE42B9837340050E6C0 = {
			isa = PBXGroup;
			children = (
				F3116BEF2B9837340050E6C0 /* tip-calculator */,
				F3116C062B9837360050E6C0 /* tip-calculatorTests */,
				F3116C102B9837360050E6C0 /* tip-calculatorUITests */,
				F3116BEE2B9837340050E6C0 /* Products */,
				F3116C262B9838960050E6C0 /* Frameworks */,
			);
			sourceTree = "<group>";
		};
		F3116BEE2B9837340050E6C0 /* Products */ = {
			isa = PBXGroup;
			children = (
				F3116BED2B9837340050E6C0 /* tip-calculator.app */,
				F3116C032B9837360050E6C0 /* tip-calculatorTests.xctest */,
				F3116C0D2B9837360050E6C0 /* tip-calculatorUITests.xctest */,
			);
			name = Products;
			sourceTree = "<group>";
		};
		F3116BEF2B9837340050E6C0 /* tip-calculator */ = {
			isa = PBXGroup;
			children = (
				F3116BF02B9837340050E6C0 /* AppDelegate.swift */,
				F3116BF22B9837340050E6C0 /* SceneDelegate.swift */,
				F3116BF42B9837340050E6C0 /* CalculatorVC.swift */,
				F3116C602B9B33060050E6C0 /* Service */,
				F3116C492B998B2D0050E6C0 /* Model */,
				F3116C2E2B983F6F0050E6C0 /* View */,
				F3116C4E2B99B13E0050E6C0 /* View Model */,
				F3116C3E2B984B150050E6C0 /* Extension */,
				F3116C412B9854030050E6C0 /* Factory */,
				F3116C392B984A7F0050E6C0 /* Config */,
				F3116C5D2B9B32AD0050E6C0 /* Resource */,
				F3116C442B9854750050E6C0 /* Files */,
			);
			path = "tip-calculator";
			sourceTree = "<group>";
		};
		F3116C062B9837360050E6C0 /* tip-calculatorTests */ = {
			isa = PBXGroup;
			children = (
				F3116C072B9837360050E6C0 /* tip_calculatorTests.swift */,
				F3116C632B9CA5F60050E6C0 /* tip_calculatorSnapshotTests.swift */,
			);
			path = "tip-calculatorTests";
			sourceTree = "<group>";
		};
		F3116C102B9837360050E6C0 /* tip-calculatorUITests */ = {
			isa = PBXGroup;
			children = (
				F3116C112B9837360050E6C0 /* tip_calculatorUITests.swift */,
				F3C762F22B9D3E8400F2D4AC /* CalculatorScreen.swift */,
			);
			path = "tip-calculatorUITests";
			sourceTree = "<group>";
		};
		F3116C262B9838960050E6C0 /* Frameworks */ = {
			isa = PBXGroup;
			children = (
			);
			name = Frameworks;
			sourceTree = "<group>";
		};
		F3116C2E2B983F6F0050E6C0 /* View */ = {
			isa = PBXGroup;
			children = (
				F3116C2F2B983F8D0050E6C0 /* LogoView.swift */,
				F3116C312B9841960050E6C0 /* ResultView.swift */,
				F3116C332B9841C70050E6C0 /* BillInputView.swift */,
				F3116C352B9841EC0050E6C0 /* TipInputView.swift */,
				F3116C372B9842110050E6C0 /* SplitInputView.swift */,
				F3116C472B9882640050E6C0 /* AmountView.swift */,
				F3116C4C2B998BA10050E6C0 /* HeaderView.swift */,
			);
			path = View;
			sourceTree = "<group>";
		};
		F3116C392B984A7F0050E6C0 /* Config */ = {
			isa = PBXGroup;
			children = (
				F3116C3A2B984AB00050E6C0 /* ThemeColor.swift */,
				F3116C3C2B984AC30050E6C0 /* ThemeFont.swift */,
			);
			path = Config;
			sourceTree = "<group>";
		};
		F3116C3E2B984B150050E6C0 /* Extension */ = {
			isa = PBXGroup;
			children = (
				F3116C592B9AF2130050E6C0 /* Int+Extension.swift */,
				F3116C5B2B9B25A90050E6C0 /* Double+Extension.swift */,
				F3116C552B99C39E0050E6C0 /* String+Extension.swift */,
				F3116C452B9873900050E6C0 /* UIView+Extension.swift */,
				F3116C3F2B984B3B0050E6C0 /* UIColor+Extension.swift */,
				F3116C572B9A33E60050E6C0 /* UIResponder+Extension.swift */,
			);
			path = Extension;
			sourceTree = "<group>";
		};
		F3116C412B9854030050E6C0 /* Factory */ = {
			isa = PBXGroup;
			children = (
				F3116C422B9854270050E6C0 /* LabelFactor.swift */,
			);
			path = Factory;
			sourceTree = "<group>";
		};
		F3116C442B9854750050E6C0 /* Files */ = {
			isa = PBXGroup;
			children = (
				F3116BF92B9837360050E6C0 /* Assets.xcassets */,
				F3116BFB2B9837360050E6C0 /* LaunchScreen.storyboard */,
				F3116BFE2B9837360050E6C0 /* Info.plist */,
			);
			name = Files;
			sourceTree = "<group>";
		};
		F3116C492B998B2D0050E6C0 /* Model */ = {
			isa = PBXGroup;
			children = (
				F3116C4A2B998B510050E6C0 /* Tip.swift */,
				F3116C512B99B4860050E6C0 /* Result.swift */,
				F3C762EF2B9D375800F2D4AC /* ScreenIdentifier.swift */,
			);
			path = Model;
			sourceTree = "<group>";
		};
		F3116C4E2B99B13E0050E6C0 /* View Model */ = {
			isa = PBXGroup;
			children = (
				F3116C4F2B99B17F0050E6C0 /* CalculatorVM.swift */,
			);
			path = "View Model";
			sourceTree = "<group>";
		};
		F3116C5D2B9B32AD0050E6C0 /* Resource */ = {
			isa = PBXGroup;
			children = (
				F3116C5E2B9B32D70050E6C0 /* click.m4a */,
			);
			path = Resource;
			sourceTree = "<group>";
		};
		F3116C602B9B33060050E6C0 /* Service */ = {
			isa = PBXGroup;
			children = (
				F3116C612B9B33330050E6C0 /* AudioPlayerService.swift */,
			);
			path = Service;
			sourceTree = "<group>";
		};
/* End PBXGroup section */

/* Begin PBXNativeTarget section */
		F3116BEC2B9837340050E6C0 /* tip-calculator */ = {
			isa = PBXNativeTarget;
			buildConfigurationList = F3116C172B9837360050E6C0 /* Build configuration list for PBXNativeTarget "tip-calculator" */;
			buildPhases = (
				F3116BE92B9837340050E6C0 /* Sources */,
				F3116BEA2B9837340050E6C0 /* Frameworks */,
				F3116BEB2B9837340050E6C0 /* Resources */,
			);
			buildRules = (
			);
			dependencies = (
			);
			name = "tip-calculator";
			packageProductDependencies = (
				F3116C212B9837B60050E6C0 /* CombineCocoa */,
				F3116C242B98380D0050E6C0 /* SnapKit */,
			);
			productName = "tip-calculator";
			productReference = F3116BED2B9837340050E6C0 /* tip-calculator.app */;
			productType = "com.apple.product-type.application";
		};
		F3116C022B9837360050E6C0 /* tip-calculatorTests */ = {
			isa = PBXNativeTarget;
			buildConfigurationList = F3116C1A2B9837360050E6C0 /* Build configuration list for PBXNativeTarget "tip-calculatorTests" */;
			buildPhases = (
				F3116BFF2B9837360050E6C0 /* Sources */,
				F3116C002B9837360050E6C0 /* Frameworks */,
				F3116C012B9837360050E6C0 /* Resources */,
			);
			buildRules = (
			);
			dependencies = (
				F3116C052B9837360050E6C0 /* PBXTargetDependency */,
			);
			name = "tip-calculatorTests";
			packageProductDependencies = (
				F3116C272B9838960050E6C0 /* CombineCocoa */,
				F3116C2A2B98394D0050E6C0 /* SnapshotTesting */,
			);
			productName = "tip-calculatorTests";
			productReference = F3116C032B9837360050E6C0 /* tip-calculatorTests.xctest */;
			productType = "com.apple.product-type.bundle.unit-test";
		};
		F3116C0C2B9837360050E6C0 /* tip-calculatorUITests */ = {
			isa = PBXNativeTarget;
			buildConfigurationList = F3116C1D2B9837360050E6C0 /* Build configuration list for PBXNativeTarget "tip-calculatorUITests" */;
			buildPhases = (
				F3116C092B9837360050E6C0 /* Sources */,
				F3116C0A2B9837360050E6C0 /* Frameworks */,
				F3116C0B2B9837360050E6C0 /* Resources */,
			);
			buildRules = (
			);
			dependencies = (
				F3116C0F2B9837360050E6C0 /* PBXTargetDependency */,
			);
			name = "tip-calculatorUITests";
			packageProductDependencies = (
				F3116C2C2B9839690050E6C0 /* CombineCocoa */,
			);
			productName = "tip-calculatorUITests";
			productReference = F3116C0D2B9837360050E6C0 /* tip-calculatorUITests.xctest */;
			productType = "com.apple.product-type.bundle.ui-testing";
		};
/* End PBXNativeTarget section */

/* Begin PBXProject section */
		F3116BE52B9837340050E6C0 /* Project object */ = {
			isa = PBXProject;
			attributes = {
				BuildIndependentTargetsInParallel = 1;
				LastSwiftUpdateCheck = 1520;
				LastUpgradeCheck = 1520;
				TargetAttributes = {
					F3116BEC2B9837340050E6C0 = {
						CreatedOnToolsVersion = 15.2;
					};
					F3116C022B9837360050E6C0 = {
						CreatedOnToolsVersion = 15.2;
						TestTargetID = F3116BEC2B9837340050E6C0;
					};
					F3116C0C2B9837360050E6C0 = {
						CreatedOnToolsVersion = 15.2;
						TestTargetID = F3116BEC2B9837340050E6C0;
					};
				};
			};
			buildConfigurationList = F3116BE82B9837340050E6C0 /* Build configuration list for PBXProject "tip-calculator" */;
			compatibilityVersion = "Xcode 14.0";
			developmentRegion = en;
			hasScannedForEncodings = 0;
			knownRegions = (
				en,
				Base,
			);
			mainGroup = F3116BE42B9837340050E6C0;
			packageReferences = (
				F3116C202B9837B60050E6C0 /* XCRemoteSwiftPackageReference "CombineCocoa" */,
				F3116C232B98380D0050E6C0 /* XCRemoteSwiftPackageReference "SnapKit" */,
				F3116C292B98394D0050E6C0 /* XCRemoteSwiftPackageReference "swift-snapshot-testing" */,
			);
			productRefGroup = F3116BEE2B9837340050E6C0 /* Products */;
			projectDirPath = "";
			projectRoot = "";
			targets = (
				F3116BEC2B9837340050E6C0 /* tip-calculator */,
				F3116C022B9837360050E6C0 /* tip-calculatorTests */,
				F3116C0C2B9837360050E6C0 /* tip-calculatorUITests */,
			);
		};
/* End PBXProject section */

/* Begin PBXResourcesBuildPhase section */
		F3116BEB2B9837340050E6C0 /* Resources */ = {
			isa = PBXResourcesBuildPhase;
			buildActionMask = 2147483647;
			files = (
				F3116C5F2B9B32D80050E6C0 /* click.m4a in Resources */,
				F3116BFD2B9837360050E6C0 /* LaunchScreen.storyboard in Resources */,
				F3116BFA2B9837360050E6C0 /* Assets.xcassets in Resources */,
			);
			runOnlyForDeploymentPostprocessing = 0;
		};
		F3116C012B9837360050E6C0 /* Resources */ = {
			isa = PBXResourcesBuildPhase;
			buildActionMask = 2147483647;
			files = (
			);
			runOnlyForDeploymentPostprocessing = 0;
		};
		F3116C0B2B9837360050E6C0 /* Resources */ = {
			isa = PBXResourcesBuildPhase;
			buildActionMask = 2147483647;
			files = (
			);
			runOnlyForDeploymentPostprocessing = 0;
		};
/* End PBXResourcesBuildPhase section */

/* Begin PBXSourcesBuildPhase section */
		F3116BE92B9837340050E6C0 /* Sources */ = {
			isa = PBXSourcesBuildPhase;
			buildActionMask = 2147483647;
			files = (
				F3116C522B99B4860050E6C0 /* Result.swift in Sources */,
				F3116C502B99B17F0050E6C0 /* CalculatorVM.swift in Sources */,
				F3116C582B9A33E60050E6C0 /* UIResponder+Extension.swift in Sources */,
				F3116C5A2B9AF2140050E6C0 /* Int+Extension.swift in Sources */,
				F3C762F02B9D375800F2D4AC /* ScreenIdentifier.swift in Sources */,
				F3116C482B9882640050E6C0 /* AmountView.swift in Sources */,
				F3116BF52B9837340050E6C0 /* CalculatorVC.swift in Sources */,
				F3116C462B9873900050E6C0 /* UIView+Extension.swift in Sources */,
				F3116C302B983F8D0050E6C0 /* LogoView.swift in Sources */,
				F3116C3B2B984AB00050E6C0 /* ThemeColor.swift in Sources */,
				F3116C402B984B3B0050E6C0 /* UIColor+Extension.swift in Sources */,
				F3116C562B99C39E0050E6C0 /* String+Extension.swift in Sources */,
				F3116C342B9841C70050E6C0 /* BillInputView.swift in Sources */,
				F3116C622B9B33330050E6C0 /* AudioPlayerService.swift in Sources */,
				F3116C322B9841960050E6C0 /* ResultView.swift in Sources */,
				F3116BF12B9837340050E6C0 /* AppDelegate.swift in Sources */,
				F3116C3D2B984AC30050E6C0 /* ThemeFont.swift in Sources */,
				F3116BF32B9837340050E6C0 /* SceneDelegate.swift in Sources */,
				F3116C5C2B9B25A90050E6C0 /* Double+Extension.swift in Sources */,
				F3116C432B9854270050E6C0 /* LabelFactor.swift in Sources */,
				F3116C4B2B998B510050E6C0 /* Tip.swift in Sources */,
				F3116C382B9842110050E6C0 /* SplitInputView.swift in Sources */,
				F3116C362B9841EC0050E6C0 /* TipInputView.swift in Sources */,
				F3116C4D2B998BA10050E6C0 /* HeaderView.swift in Sources */,
			);
			runOnlyForDeploymentPostprocessing = 0;
		};
		F3116BFF2B9837360050E6C0 /* Sources */ = {
			isa = PBXSourcesBuildPhase;
			buildActionMask = 2147483647;
			files = (
				F3116C082B9837360050E6C0 /* tip_calculatorTests.swift in Sources */,
				F3116C642B9CA5F60050E6C0 /* tip_calculatorSnapshotTests.swift in Sources */,
			);
			runOnlyForDeploymentPostprocessing = 0;
		};
		F3116C092B9837360050E6C0 /* Sources */ = {
			isa = PBXSourcesBuildPhase;
			buildActionMask = 2147483647;
			files = (
				F3C762F12B9D375800F2D4AC /* ScreenIdentifier.swift in Sources */,
				F3116C122B9837360050E6C0 /* tip_calculatorUITests.swift in Sources */,
				F3C762F42B9D3E8400F2D4AC /* CalculatorScreen.swift in Sources */,
			);
			runOnlyForDeploymentPostprocessing = 0;
		};
/* End PBXSourcesBuildPhase section */

/* Begin PBXTargetDependency section */
		F3116C052B9837360050E6C0 /* PBXTargetDependency */ = {
			isa = PBXTargetDependency;
			target = F3116BEC2B9837340050E6C0 /* tip-calculator */;
			targetProxy = F3116C042B9837360050E6C0 /* PBXContainerItemProxy */;
		};
		F3116C0F2B9837360050E6C0 /* PBXTargetDependency */ = {
			isa = PBXTargetDependency;
			target = F3116BEC2B9837340050E6C0 /* tip-calculator */;
			targetProxy = F3116C0E2B9837360050E6C0 /* PBXContainerItemProxy */;
		};
/* End PBXTargetDependency section */

/* Begin PBXVariantGroup section */
		F3116BFB2B9837360050E6C0 /* LaunchScreen.storyboard */ = {
			isa = PBXVariantGroup;
			children = (
				F3116BFC2B9837360050E6C0 /* Base */,
			);
			name = LaunchScreen.storyboard;
			sourceTree = "<group>";
		};
/* End PBXVariantGroup section */

/* Begin XCBuildConfiguration section */
		F3116C152B9837360050E6C0 /* Debug */ = {
			isa = XCBuildConfiguration;
			buildSettings = {
				ALWAYS_SEARCH_USER_PATHS = NO;
				ASSETCATALOG_COMPILER_GENERATE_SWIFT_ASSET_SYMBOL_EXTENSIONS = YES;
				CLANG_ANALYZER_NONNULL = YES;
				CLANG_ANALYZER_NUMBER_OBJECT_CONVERSION = YES_AGGRESSIVE;
				CLANG_CXX_LANGUAGE_STANDARD = "gnu++20";
				CLANG_ENABLE_MODULES = YES;
				CLANG_ENABLE_OBJC_ARC = YES;
				CLANG_ENABLE_OBJC_WEAK = YES;
				CLANG_WARN_BLOCK_CAPTURE_AUTORELEASING = YES;
				CLANG_WARN_BOOL_CONVERSION = YES;
				CLANG_WARN_COMMA = YES;
				CLANG_WARN_CONSTANT_CONVERSION = YES;
				CLANG_WARN_DEPRECATED_OBJC_IMPLEMENTATIONS = YES;
				CLANG_WARN_DIRECT_OBJC_ISA_USAGE = YES_ERROR;
				CLANG_WARN_DOCUMENTATION_COMMENTS = YES;
				CLANG_WARN_EMPTY_BODY = YES;
				CLANG_WARN_ENUM_CONVERSION = YES;
				CLANG_WARN_INFINITE_RECURSION = YES;
				CLANG_WARN_INT_CONVERSION = YES;
				CLANG_WARN_NON_LITERAL_NULL_CONVERSION = YES;
				CLANG_WARN_OBJC_IMPLICIT_RETAIN_SELF = YES;
				CLANG_WARN_OBJC_LITERAL_CONVERSION = YES;
				CLANG_WARN_OBJC_ROOT_CLASS = YES_ERROR;
				CLANG_WARN_QUOTED_INCLUDE_IN_FRAMEWORK_HEADER = YES;
				CLANG_WARN_RANGE_LOOP_ANALYSIS = YES;
				CLANG_WARN_STRICT_PROTOTYPES = YES;
				CLANG_WARN_SUSPICIOUS_MOVE = YES;
				CLANG_WARN_UNGUARDED_AVAILABILITY = YES_AGGRESSIVE;
				CLANG_WARN_UNREACHABLE_CODE = YES;
				CLANG_WARN__DUPLICATE_METHOD_MATCH = YES;
				COPY_PHASE_STRIP = NO;
				DEBUG_INFORMATION_FORMAT = dwarf;
				ENABLE_STRICT_OBJC_MSGSEND = YES;
				ENABLE_TESTABILITY = YES;
				ENABLE_USER_SCRIPT_SANDBOXING = YES;
				GCC_C_LANGUAGE_STANDARD = gnu17;
				GCC_DYNAMIC_NO_PIC = NO;
				GCC_NO_COMMON_BLOCKS = YES;
				GCC_OPTIMIZATION_LEVEL = 0;
				GCC_PREPROCESSOR_DEFINITIONS = (
					"DEBUG=1",
					"$(inherited)",
				);
				GCC_WARN_64_TO_32_BIT_CONVERSION = YES;
				GCC_WARN_ABOUT_RETURN_TYPE = YES_ERROR;
				GCC_WARN_UNDECLARED_SELECTOR = YES;
				GCC_WARN_UNINITIALIZED_AUTOS = YES_AGGRESSIVE;
				GCC_WARN_UNUSED_FUNCTION = YES;
				GCC_WARN_UNUSED_VARIABLE = YES;
				IPHONEOS_DEPLOYMENT_TARGET = 17.2;
				LOCALIZATION_PREFERS_STRING_CATALOGS = YES;
				MTL_ENABLE_DEBUG_INFO = INCLUDE_SOURCE;
				MTL_FAST_MATH = YES;
				ONLY_ACTIVE_ARCH = YES;
				SDKROOT = iphoneos;
				SWIFT_ACTIVE_COMPILATION_CONDITIONS = "DEBUG $(inherited)";
				SWIFT_OPTIMIZATION_LEVEL = "-Onone";
			};
			name = Debug;
		};
		F3116C162B9837360050E6C0 /* Release */ = {
			isa = XCBuildConfiguration;
			buildSettings = {
				ALWAYS_SEARCH_USER_PATHS = NO;
				ASSETCATALOG_COMPILER_GENERATE_SWIFT_ASSET_SYMBOL_EXTENSIONS = YES;
				CLANG_ANALYZER_NONNULL = YES;
				CLANG_ANALYZER_NUMBER_OBJECT_CONVERSION = YES_AGGRESSIVE;
				CLANG_CXX_LANGUAGE_STANDARD = "gnu++20";
				CLANG_ENABLE_MODULES = YES;
				CLANG_ENABLE_OBJC_ARC = YES;
				CLANG_ENABLE_OBJC_WEAK = YES;
				CLANG_WARN_BLOCK_CAPTURE_AUTORELEASING = YES;
				CLANG_WARN_BOOL_CONVERSION = YES;
				CLANG_WARN_COMMA = YES;
				CLANG_WARN_CONSTANT_CONVERSION = YES;
				CLANG_WARN_DEPRECATED_OBJC_IMPLEMENTATIONS = YES;
				CLANG_WARN_DIRECT_OBJC_ISA_USAGE = YES_ERROR;
				CLANG_WARN_DOCUMENTATION_COMMENTS = YES;
				CLANG_WARN_EMPTY_BODY = YES;
				CLANG_WARN_ENUM_CONVERSION = YES;
				CLANG_WARN_INFINITE_RECURSION = YES;
				CLANG_WARN_INT_CONVERSION = YES;
				CLANG_WARN_NON_LITERAL_NULL_CONVERSION = YES;
				CLANG_WARN_OBJC_IMPLICIT_RETAIN_SELF = YES;
				CLANG_WARN_OBJC_LITERAL_CONVERSION = YES;
				CLANG_WARN_OBJC_ROOT_CLASS = YES_ERROR;
				CLANG_WARN_QUOTED_INCLUDE_IN_FRAMEWORK_HEADER = YES;
				CLANG_WARN_RANGE_LOOP_ANALYSIS = YES;
				CLANG_WARN_STRICT_PROTOTYPES = YES;
				CLANG_WARN_SUSPICIOUS_MOVE = YES;
				CLANG_WARN_UNGUARDED_AVAILABILITY = YES_AGGRESSIVE;
				CLANG_WARN_UNREACHABLE_CODE = YES;
				CLANG_WARN__DUPLICATE_METHOD_MATCH = YES;
				COPY_PHASE_STRIP = NO;
				DEBUG_INFORMATION_FORMAT = "dwarf-with-dsym";
				ENABLE_NS_ASSERTIONS = NO;
				ENABLE_STRICT_OBJC_MSGSEND = YES;
				ENABLE_USER_SCRIPT_SANDBOXING = YES;
				GCC_C_LANGUAGE_STANDARD = gnu17;
				GCC_NO_COMMON_BLOCKS = YES;
				GCC_WARN_64_TO_32_BIT_CONVERSION = YES;
				GCC_WARN_ABOUT_RETURN_TYPE = YES_ERROR;
				GCC_WARN_UNDECLARED_SELECTOR = YES;
				GCC_WARN_UNINITIALIZED_AUTOS = YES_AGGRESSIVE;
				GCC_WARN_UNUSED_FUNCTION = YES;
				GCC_WARN_UNUSED_VARIABLE = YES;
				IPHONEOS_DEPLOYMENT_TARGET = 17.2;
				LOCALIZATION_PREFERS_STRING_CATALOGS = YES;
				MTL_ENABLE_DEBUG_INFO = NO;
				MTL_FAST_MATH = YES;
				SDKROOT = iphoneos;
				SWIFT_COMPILATION_MODE = wholemodule;
				VALIDATE_PRODUCT = YES;
			};
			name = Release;
		};
		F3116C182B9837360050E6C0 /* Debug */ = {
			isa = XCBuildConfiguration;
			buildSettings = {
				ASSETCATALOG_COMPILER_APPICON_NAME = AppIcon;
				ASSETCATALOG_COMPILER_GLOBAL_ACCENT_COLOR_NAME = AccentColor;
				CODE_SIGN_STYLE = Automatic;
				CURRENT_PROJECT_VERSION = 1;
				DEVELOPMENT_TEAM = WT2DZRQ5QP;
				GENERATE_INFOPLIST_FILE = YES;
				INFOPLIST_FILE = "tip-calculator/Info.plist";
				INFOPLIST_KEY_UIApplicationSupportsIndirectInputEvents = YES;
				INFOPLIST_KEY_UILaunchStoryboardName = LaunchScreen;
				INFOPLIST_KEY_UISupportedInterfaceOrientations = UIInterfaceOrientationPortrait;
				INFOPLIST_KEY_UISupportedInterfaceOrientations_iPad = "UIInterfaceOrientationPortrait UIInterfaceOrientationPortraitUpsideDown";
				LD_RUNPATH_SEARCH_PATHS = (
					"$(inherited)",
					"@executable_path/Frameworks",
				);
				MARKETING_VERSION = 1.0;
				PRODUCT_BUNDLE_IDENTIFIER = "com.gali.tip-calculator";
				PRODUCT_NAME = "$(TARGET_NAME)";
				SWIFT_EMIT_LOC_STRINGS = YES;
				SWIFT_VERSION = 5.0;
				TARGETED_DEVICE_FAMILY = "1,2";
			};
			name = Debug;
		};
		F3116C192B9837360050E6C0 /* Release */ = {
			isa = XCBuildConfiguration;
			buildSettings = {
				ASSETCATALOG_COMPILER_APPICON_NAME = AppIcon;
				ASSETCATALOG_COMPILER_GLOBAL_ACCENT_COLOR_NAME = AccentColor;
				CODE_SIGN_STYLE = Automatic;
				CURRENT_PROJECT_VERSION = 1;
				DEVELOPMENT_TEAM = WT2DZRQ5QP;
				GENERATE_INFOPLIST_FILE = YES;
				INFOPLIST_FILE = "tip-calculator/Info.plist";
				INFOPLIST_KEY_UIApplicationSupportsIndirectInputEvents = YES;
				INFOPLIST_KEY_UILaunchStoryboardName = LaunchScreen;
				INFOPLIST_KEY_UISupportedInterfaceOrientations = UIInterfaceOrientationPortrait;
				INFOPLIST_KEY_UISupportedInterfaceOrientations_iPad = "UIInterfaceOrientationPortrait UIInterfaceOrientationPortraitUpsideDown";
				LD_RUNPATH_SEARCH_PATHS = (
					"$(inherited)",
					"@executable_path/Frameworks",
				);
				MARKETING_VERSION = 1.0;
				PRODUCT_BUNDLE_IDENTIFIER = "com.gali.tip-calculator";
				PRODUCT_NAME = "$(TARGET_NAME)";
				SWIFT_EMIT_LOC_STRINGS = YES;
				SWIFT_VERSION = 5.0;
				TARGETED_DEVICE_FAMILY = "1,2";
			};
			name = Release;
		};
		F3116C1B2B9837360050E6C0 /* Debug */ = {
			isa = XCBuildConfiguration;
			buildSettings = {
				ALWAYS_EMBED_SWIFT_STANDARD_LIBRARIES = YES;
				BUNDLE_LOADER = "$(TEST_HOST)";
				CODE_SIGN_STYLE = Automatic;
				CURRENT_PROJECT_VERSION = 1;
				DEVELOPMENT_TEAM = WT2DZRQ5QP;
				GENERATE_INFOPLIST_FILE = YES;
				IPHONEOS_DEPLOYMENT_TARGET = 17.2;
				MARKETING_VERSION = 1.0;
				PRODUCT_BUNDLE_IDENTIFIER = "com.gali.tip-calculatorTests";
				PRODUCT_NAME = "$(TARGET_NAME)";
				SWIFT_EMIT_LOC_STRINGS = NO;
				SWIFT_VERSION = 5.0;
				TARGETED_DEVICE_FAMILY = "1,2";
				TEST_HOST = "$(BUILT_PRODUCTS_DIR)/tip-calculator.app/$(BUNDLE_EXECUTABLE_FOLDER_PATH)/tip-calculator";
			};
			name = Debug;
		};
		F3116C1C2B9837360050E6C0 /* Release */ = {
			isa = XCBuildConfiguration;
			buildSettings = {
				ALWAYS_EMBED_SWIFT_STANDARD_LIBRARIES = YES;
				BUNDLE_LOADER = "$(TEST_HOST)";
				CODE_SIGN_STYLE = Automatic;
				CURRENT_PROJECT_VERSION = 1;
				DEVELOPMENT_TEAM = WT2DZRQ5QP;
				GENERATE_INFOPLIST_FILE = YES;
				IPHONEOS_DEPLOYMENT_TARGET = 17.2;
				MARKETING_VERSION = 1.0;
				PRODUCT_BUNDLE_IDENTIFIER = "com.gali.tip-calculatorTests";
				PRODUCT_NAME = "$(TARGET_NAME)";
				SWIFT_EMIT_LOC_STRINGS = NO;
				SWIFT_VERSION = 5.0;
				TARGETED_DEVICE_FAMILY = "1,2";
				TEST_HOST = "$(BUILT_PRODUCTS_DIR)/tip-calculator.app/$(BUNDLE_EXECUTABLE_FOLDER_PATH)/tip-calculator";
			};
			name = Release;
		};
		F3116C1E2B9837360050E6C0 /* Debug */ = {
			isa = XCBuildConfiguration;
			buildSettings = {
				ALWAYS_EMBED_SWIFT_STANDARD_LIBRARIES = YES;
				CODE_SIGN_STYLE = Automatic;
				CURRENT_PROJECT_VERSION = 1;
				DEVELOPMENT_TEAM = WT2DZRQ5QP;
				GENERATE_INFOPLIST_FILE = YES;
				MARKETING_VERSION = 1.0;
				PRODUCT_BUNDLE_IDENTIFIER = "com.gali.tip-calculatorUITests";
				PRODUCT_NAME = "$(TARGET_NAME)";
				SWIFT_EMIT_LOC_STRINGS = NO;
				SWIFT_VERSION = 5.0;
				TARGETED_DEVICE_FAMILY = "1,2";
				TEST_TARGET_NAME = "tip-calculator";
			};
			name = Debug;
		};
		F3116C1F2B9837360050E6C0 /* Release */ = {
			isa = XCBuildConfiguration;
			buildSettings = {
				ALWAYS_EMBED_SWIFT_STANDARD_LIBRARIES = YES;
				CODE_SIGN_STYLE = Automatic;
				CURRENT_PROJECT_VERSION = 1;
				DEVELOPMENT_TEAM = WT2DZRQ5QP;
				GENERATE_INFOPLIST_FILE = YES;
				MARKETING_VERSION = 1.0;
				PRODUCT_BUNDLE_IDENTIFIER = "com.gali.tip-calculatorUITests";
				PRODUCT_NAME = "$(TARGET_NAME)";
				SWIFT_EMIT_LOC_STRINGS = NO;
				SWIFT_VERSION = 5.0;
				TARGETED_DEVICE_FAMILY = "1,2";
				TEST_TARGET_NAME = "tip-calculator";
			};
			name = Release;
		};
/* End XCBuildConfiguration section */

/* Begin XCConfigurationList section */
		F3116BE82B9837340050E6C0 /* Build configuration list for PBXProject "tip-calculator" */ = {
			isa = XCConfigurationList;
			buildConfigurations = (
				F3116C152B9837360050E6C0 /* Debug */,
				F3116C162B9837360050E6C0 /* Release */,
			);
			defaultConfigurationIsVisible = 0;
			defaultConfigurationName = Release;
		};
		F3116C172B9837360050E6C0 /* Build configuration list for PBXNativeTarget "tip-calculator" */ = {
			isa = XCConfigurationList;
			buildConfigurations = (
				F3116C182B9837360050E6C0 /* Debug */,
				F3116C192B9837360050E6C0 /* Release */,
			);
			defaultConfigurationIsVisible = 0;
			defaultConfigurationName = Release;
		};
		F3116C1A2B9837360050E6C0 /* Build configuration list for PBXNativeTarget "tip-calculatorTests" */ = {
			isa = XCConfigurationList;
			buildConfigurations = (
				F3116C1B2B9837360050E6C0 /* Debug */,
				F3116C1C2B9837360050E6C0 /* Release */,
			);
			defaultConfigurationIsVisible = 0;
			defaultConfigurationName = Release;
		};
		F3116C1D2B9837360050E6C0 /* Build configuration list for PBXNativeTarget "tip-calculatorUITests" */ = {
			isa = XCConfigurationList;
			buildConfigurations = (
				F3116C1E2B9837360050E6C0 /* Debug */,
				F3116C1F2B9837360050E6C0 /* Release */,
			);
			defaultConfigurationIsVisible = 0;
			defaultConfigurationName = Release;
		};
/* End XCConfigurationList section */

/* Begin XCRemoteSwiftPackageReference section */
		F3116C202B9837B60050E6C0 /* XCRemoteSwiftPackageReference "CombineCocoa" */ = {
			isa = XCRemoteSwiftPackageReference;
			repositoryURL = "https://github.com/CombineCommunity/CombineCocoa";
			requirement = {
				kind = upToNextMinorVersion;
				minimumVersion = 0.4.1;
			};
		};
		F3116C232B98380D0050E6C0 /* XCRemoteSwiftPackageReference "SnapKit" */ = {
			isa = XCRemoteSwiftPackageReference;
			repositoryURL = "https://github.com/SnapKit/SnapKit";
			requirement = {
				kind = upToNextMinorVersion;
				minimumVersion = 5.7.1;
			};
		};
		F3116C292B98394D0050E6C0 /* XCRemoteSwiftPackageReference "swift-snapshot-testing" */ = {
			isa = XCRemoteSwiftPackageReference;
			repositoryURL = "https://github.com/pointfreeco/swift-snapshot-testing";
			requirement = {
				kind = upToNextMinorVersion;
				minimumVersion = 1.15.4;
			};
		};
/* End XCRemoteSwiftPackageReference section */

/* Begin XCSwiftPackageProductDependency section */
		F3116C212B9837B60050E6C0 /* CombineCocoa */ = {
			isa = XCSwiftPackageProductDependency;
			package = F3116C202B9837B60050E6C0 /* XCRemoteSwiftPackageReference "CombineCocoa" */;
			productName = CombineCocoa;
		};
		F3116C242B98380D0050E6C0 /* SnapKit */ = {
			isa = XCSwiftPackageProductDependency;
			package = F3116C232B98380D0050E6C0 /* XCRemoteSwiftPackageReference "SnapKit" */;
			productName = SnapKit;
		};
		F3116C272B9838960050E6C0 /* CombineCocoa */ = {
			isa = XCSwiftPackageProductDependency;
			package = F3116C202B9837B60050E6C0 /* XCRemoteSwiftPackageReference "CombineCocoa" */;
			productName = CombineCocoa;
		};
		F3116C2A2B98394D0050E6C0 /* SnapshotTesting */ = {
			isa = XCSwiftPackageProductDependency;
			package = F3116C292B98394D0050E6C0 /* XCRemoteSwiftPackageReference "swift-snapshot-testing" */;
			productName = SnapshotTesting;
		};
		F3116C2C2B9839690050E6C0 /* CombineCocoa */ = {
			isa = XCSwiftPackageProductDependency;
			package = F3116C202B9837B60050E6C0 /* XCRemoteSwiftPackageReference "CombineCocoa" */;
			productName = CombineCocoa;
		};
/* End XCSwiftPackageProductDependency section */
	};
	rootObject = F3116BE52B9837340050E6C0 /* Project object */;
}
